
Microsoft Visual Studio Solution File, Format Version 12.00
# Visual Studio 15
VisualStudioVersion = 15.0.28307.757
MinimumVisualStudioVersion = 10.0.40219.1
Project("{FAE04EC0-301F-11D3-BF4B-00C04F79EFBC}") = "Bookmarks", "Bookmarks\Bookmarks.csproj", "{976AF7D1-B002-49D5-85BA-B707B7C7B87E}"
EndProject
Global
	GlobalSection(SolutionConfigurationPlatforms) = preSolution
		Debug|Any CPU = Debug|Any CPU
		Release|Any CPU = Release|Any CPU
	EndGlobalSection
	GlobalSection(ProjectConfigurationPlatforms) = postSolution
		{976AF7D1-B002-49D5-85BA-B707B7C7B87E}.Debug|Any CPU.ActiveCfg = Debug|Any CPU
		{976AF7D1-B002-49D5-85BA-B707B7C7B87E}.Debug|Any CPU.Build.0 = Debug|Any CPU
		{976AF7D1-B002-49D5-85BA-B707B7C7B87E}.Release|Any CPU.ActiveCfg = Release|Any CPU
		{976AF7D1-B002-49D5-85BA-B707B7C7B87E}.Release|Any CPU.Build.0 = Release|Any CPU
	EndGlobalSection
	GlobalSection(SolutionProperties) = preSolution
		HideSolutionNode = FALSE
	EndGlobalSection
	GlobalSection(ExtensibilityGlobals) = postSolution
		SolutionGuid = {5CEC32AA-2381-46A3-B35C-7FB856B4959F}
	EndGlobalSection
EndGlobal
